Microsoft Visual Studio Solution File, Format Version 12.00
# Visual Studio 2012
Project("{FAE04EC0-301F-11D3-BF4B-00C04F79EFBC}") = "SquigglesDialogicSharpWrapper", "SquigglesDialogicSharpWrapper.csproj", "{C932D768-6494-4792-B225-B530CD6DE4CA}"
EndProject
Global
	GlobalSection(SolutionConfigurationPlatforms) = preSolution
	Debug|Any CPU = Debug|Any CPU
	ExportDebug|Any CPU = ExportDebug|Any CPU
	ExportRelease|Any CPU = ExportRelease|Any CPU
	EndGlobalSection
	GlobalSection(ProjectConfigurationPlatforms) = postSolution
		{C932D768-6494-4792-B225-B530CD6DE4CA}.Debug|Any CPU.ActiveCfg = Debug|Any CPU
		{C932D768-6494-4792-B225-B530CD6DE4CA}.Debug|Any CPU.Build.0 = Debug|Any CPU
		{C932D768-6494-4792-B225-B530CD6DE4CA}.ExportDebug|Any CPU.ActiveCfg = ExportDebug|Any CPU
		{C932D768-6494-4792-B225-B530CD6DE4CA}.ExportDebug|Any CPU.Build.0 = ExportDebug|Any CPU
		{C932D768-6494-4792-B225-B530CD6DE4CA}.ExportRelease|Any CPU.ActiveCfg = ExportRelease|Any CPU
		{C932D768-6494-4792-B225-B530CD6DE4CA}.ExportRelease|Any CPU.Build.0 = ExportRelease|Any CPU
	EndGlobalSection
EndGlobal
